// !$*UTF8*$!
{
	archiveVersion = 1;
	classes = {
	};
	objectVersion = 46;
	objects = {

/* Begin PBXBuildFile section */
		EE79FD2D1AE16C6F00AAB89B /* AppDelegate.swift in Sources */ = {isa = PBXBuildFile; fileRef = EE79FD2C1AE16C6F00AAB89B /* AppDelegate.swift */; };
		EE79FD2F1AE16C6F00AAB89B /* ViewController.swift in Sources */ = {isa = PBXBuildFile; fileRef = EE79FD2E1AE16C6F00AAB89B /* ViewController.swift */; };
		EE79FD321AE16C6F00AAB89B /* Main.storyboard in Resources */ = {isa = PBXBuildFile; fileRef = EE79FD301AE16C6F00AAB89B /* Main.storyboard */; };
		EE79FD341AE16C6F00AAB89B /* Images.xcassets in Resources */ = {isa = PBXBuildFile; fileRef = EE79FD331AE16C6F00AAB89B /* Images.xcassets */; };
		EE79FD371AE16C6F00AAB89B /* LaunchScreen.xib in Resources */ = {isa = PBXBuildFile; fileRef = EE79FD351AE16C6F00AAB89B /* LaunchScreen.xib */; };
		EE79FD431AE16C6F00AAB89B /* pitchPerfectTests.swift in Sources */ = {isa = PBXBuildFile; fileRef = EE79FD421AE16C6F00AAB89B /* pitchPerfectTests.swift */; };
/* End PBXBuildFile section */

/* Begin PBXContainerItemProxy section */
		EE79FD3D1AE16C6F00AAB89B /* PBXContainerItemProxy */ = {
			isa = PBXContainerItemProxy;
			containerPortal = EE79FD1F1AE16C6F00AAB89B /* Project object */;
			proxyType = 1;
			remoteGlobalIDString = EE79FD261AE16C6F00AAB89B;
			remoteInfo = pitchPerfect;
		};
/* End PBXContainerItemProxy section */

/* Begin PBXFileReference section */
		EE79FD271AE16C6F00AAB89B /* pitchPerfect.app */ = {isa = PBXFileReference; explicitFileType = wrapper.application; includeInIndex = 0; path = pitchPerfect.app; sourceTree = BUILT_PRODUCTS_DIR; };
		EE79FD2B1AE16C6F00AAB89B /* Info.plist */ = {isa = PBXFileReference; lastKnownFileType = text.plist.xml; path = Info.plist; sourceTree = "<group>"; };
		EE79FD2C1AE16C6F00AAB89B /* AppDelegate.swift */ = {isa = PBXFileReference; lastKnownFileType = sourcecode.swift; path = AppDelegate.swift; sourceTree = "<group>"; };
		EE79FD2E1AE16C6F00AAB89B /* ViewController.swift */ = {isa = PBXFileReference; lastKnownFileType = sourcecode.swift; path = ViewController.swift; sourceTree = "<group>"; };
		EE79FD311AE16C6F00AAB89B /* Base */ = {isa = PBXFileReference; lastKnownFileType = file.storyboard; name = Base; path = Base.lproj/Main.storyboard; sourceTree = "<group>"; };
		EE79FD331AE16C6F00AAB89B /* Images.xcassets */ = {isa = PBXFileReference; lastKnownFileType = folder.assetcatalog; path = Images.xcassets; sourceTree = "<group>"; };
		EE79FD361AE16C6F00AAB89B /* Base */ = {isa = PBXFileReference; lastKnownFileType = file.xib; name = Base; path = Base.lproj/LaunchScreen.xib; sourceTree = "<group>"; };
		EE79FD3C1AE16C6F00AAB89B /* pitchPerfectTests.xctest */ = {isa = PBXFileReference; explicitFileType = wrapper.cfbundle; includeInIndex = 0; path = pitchPerfectTests.xctest; sourceTree = BUILT_PRODUCTS_DIR; };
		EE79FD411AE16C6F00AAB89B /* Info.plist */ = {isa = PBXFileReference; lastKnownFileType = text.plist.xml; path = Info.plist; sourceTree = "<group>"; };
		EE79FD421AE16C6F00AAB89B /* pitchPerfectTests.swift */ = {isa = PBXFileReference; lastKnownFileType = sourcecode.swift; path = pitchPerfectTests.swift; sourceTree = "<group>"; };
/* End PBXFileReference section */

/* Begin PBXFrameworksBuildPhase section */
		EE79FD241AE16C6F00AAB89B /* Frameworks */ = {
			isa = PBXFrameworksBuildPhase;
			buildActionMask = 2147483647;
			files = (
			);
			runOnlyForDeploymentPostprocessing = 0;
		};
		EE79FD391AE16C6F00AAB89B /* Frameworks */ = {
			isa = PBXFrameworksBuildPhase;
			buildActionMask = 2147483647;
			files = (
			);
			runOnlyForDeploymentPostprocessing = 0;
		};
/* End PBXFrameworksBuildPhase section */

/* Begin PBXGroup section */
		EE79FD1E1AE16C6F00AAB89B = {
			isa = PBXGroup;
			children = (
				EE79FD291AE16C6F00AAB89B /* pitchPerfect */,
				EE79FD3F1AE16C6F00AAB89B /* pitchPerfectTests */,
				EE79FD281AE16C6F00AAB89B /* Products */,
			);
			sourceTree = "<group>";
		};
		EE79FD281AE16C6F00AAB89B /* Products */ = {
			isa = PBXGroup;
			children = (
				EE79FD271AE16C6F00AAB89B /* pitchPerfect.app */,
				EE79FD3C1AE16C6F00AAB89B /* pitchPerfectTests.xctest */,
			);
			name = Products;
			sourceTree = "<group>";
		};
		EE79FD291AE16C6F00AAB89B /* pitchPerfect */ = {
			isa = PBXGroup;
			children = (
				EE79FD2C1AE16C6F00AAB89B /* AppDelegate.swift */,
				EE79FD2E1AE16C6F00AAB89B /* ViewController.swift */,
				EE79FD301AE16C6F00AAB89B /* Main.storyboard */,
				EE79FD331AE16C6F00AAB89B /* Images.xcassets */,
				EE79FD351AE16C6F00AAB89B /* LaunchScreen.xib */,
				EE79FD2A1AE16C6F00AAB89B /* Supporting Files */,
			);
			path = pitchPerfect;
			sourceTree = "<group>";
		};
		EE79FD2A1AE16C6F00AAB89B /* Supporting Files */ = {
			isa = PBXGroup;
			children = (
				EE79FD2B1AE16C6F00AAB89B /* Info.plist */,
			);
			name = "Supporting Files";
			sourceTree = "<group>";
		};
		EE79FD3F1AE16C6F00AAB89B /* pitchPerfectTests */ = {
			isa = PBXGroup;
			children = (
				EE79FD421AE16C6F00AAB89B /* pitchPerfectTests.swift */,
				EE79FD401AE16C6F00AAB89B /* Supporting Files */,
			);
			path = pitchPerfectTests;
			sourceTree = "<group>";
		};
		EE79FD401AE16C6F00AAB89B /* Supporting Files */ = {
			isa = PBXGroup;
			children = (
				EE79FD411AE16C6F00AAB89B /* Info.plist */,
			);
			name = "Supporting Files";
			sourceTree = "<group>";
		};
/* End PBXGroup section */

/* Begin PBXNativeTarget section */
		EE79FD261AE16C6F00AAB89B /* pitchPerfect */ = {
			isa = PBXNativeTarget;
			buildConfigurationList = EE79FD461AE16C6F00AAB89B /* Build configuration list for PBXNativeTarget "pitchPerfect" */;
			buildPhases = (
				EE79FD231AE16C6F00AAB89B /* Sources */,
				EE79FD241AE16C6F00AAB89B /* Frameworks */,
				EE79FD251AE16C6F00AAB89B /* Resources */,
			);
			buildRules = (
			);
			dependencies = (
			);
			name = pitchPerfect;
			productName = pitchPerfect;
			productReference = EE79FD271AE16C6F00AAB89B /* pitchPerfect.app */;
			productType = "com.apple.product-type.application";
		};
		EE79FD3B1AE16C6F00AAB89B /* pitchPerfectTests */ = {
			isa = PBXNativeTarget;
			buildConfigurationList = EE79FD491AE16C6F00AAB89B /* Build configuration list for PBXNativeTarget "pitchPerfectTests" */;
			buildPhases = (
				EE79FD381AE16C6F00AAB89B /* Sources */,
				EE79FD391AE16C6F00AAB89B /* Frameworks */,
				EE79FD3A1AE16C6F00AAB89B /* Resources */,
			);
			buildRules = (
			);
			dependencies = (
				EE79FD3E1AE16C6F00AAB89B /* PBXTargetDependency */,
			);
			name = pitchPerfectTests;
			productName = pitchPerfectTests;
			productReference = EE79FD3C1AE16C6F00AAB89B /* pitchPerfectTests.xctest */;
			productType = "com.apple.product-type.bundle.unit-test";
		};
/* End PBXNativeTarget section */

/* Begin PBXProject section */
		EE79FD1F1AE16C6F00AAB89B /* Project object */ = {
			isa = PBXProject;
			attributes = {
				LastUpgradeCheck = 0630;
				ORGANIZATIONNAME = "john galatti";
				TargetAttributes = {
					EE79FD261AE16C6F00AAB89B = {
						CreatedOnToolsVersion = 6.3;
					};
					EE79FD3B1AE16C6F00AAB89B = {
						CreatedOnToolsVersion = 6.3;
						TestTargetID = EE79FD261AE16C6F00AAB89B;
					};
				};
			};
			buildConfigurationList = EE79FD221AE16C6F00AAB89B /* Build configuration list for PBXProject "pitchPerfect" */;
			compatibilityVersion = "Xcode 3.2";
			developmentRegion = English;
			hasScannedForEncodings = 0;
			knownRegions = (
				en,
				Base,
			);
			mainGroup = EE79FD1E1AE16C6F00AAB89B;
			productRefGroup = EE79FD281AE16C6F00AAB89B /* Products */;
			projectDirPath = "";
			projectRoot = "";
			targets = (
				EE79FD261AE16C6F00AAB89B /* pitchPerfect */,
				EE79FD3B1AE16C6F00AAB89B /* pitchPerfectTests */,
			);
		};
/* End PBXProject section */

/* Begin PBXResourcesBuildPhase section */
		EE79FD251AE16C6F00AAB89B /* Resources */ = {
			isa = PBXResourcesBuildPhase;
			buildActionMask = 2147483647;
			files = (
				EE79FD321AE16C6F00AAB89B /* Main.storyboard in Resources */,
				EE79FD371AE16C6F00AAB89B /* LaunchScreen.xib in Resources */,
				EE79FD341AE16C6F00AAB89B /* Images.xcassets in Resources */,
			);
			runOnlyForDeploymentPostprocessing = 0;
		};
		EE79FD3A1AE16C6F00AAB89B /* Resources */ = {
			isa = PBXResourcesBuildPhase;
			buildActionMask = 2147483647;
			files = (
			);
			runOnlyForDeploymentPostprocessing = 0;
		};
/* End PBXResourcesBuildPhase section */

/* Begin PBXSourcesBuildPhase section */
		EE79FD231AE16C6F00AAB89B /* Sources */ = {
			isa = PBXSourcesBuildPhase;
			buildActionMask = 2147483647;
			files = (
				EE79FD2F1AE16C6F00AAB89B /* ViewController.swift in Sources */,
				EE79FD2D1AE16C6F00AAB89B /* AppDelegate.swift in Sources */,
			);
			runOnlyForDeploymentPostprocessing = 0;
		};
		EE79FD381AE16C6F00AAB89B /* Sources */ = {
			isa = PBXSourcesBuildPhase;
			buildActionMask = 2147483647;
			files = (
				EE79FD431AE16C6F00AAB89B /* pitchPerfectTests.swift in Sources */,
			);
			runOnlyForDeploymentPostprocessing = 0;
		};
/* End PBXSourcesBuildPhase section */

/* Begin PBXTargetDependency section */
		EE79FD3E1AE16C6F00AAB89B /* PBXTargetDependency */ = {
			isa = PBXTargetDependency;
			target = EE79FD261AE16C6F00AAB89B /* pitchPerfect */;
			targetProxy = EE79FD3D1AE16C6F00AAB89B /* PBXContainerItemProxy */;
		};
/* End PBXTargetDependency section */

/* Begin PBXVariantGroup section */
		EE79FD301AE16C6F00AAB89B /* Main.storyboard */ = {
			isa = PBXVariantGroup;
			children = (
				EE79FD311AE16C6F00AAB89B /* Base */,
			);
			name = Main.storyboard;
			sourceTree = "<group>";
		};
		EE79FD351AE16C6F00AAB89B /* LaunchScreen.xib */ = {
			isa = PBXVariantGroup;
			children = (
				EE79FD361AE16C6F00AAB89B /* Base */,
			);
			name = LaunchScreen.xib;
			sourceTree = "<group>";
		};
/* End PBXVariantGroup section */

/* Begin XCBuildConfiguration section */
		EE79FD441AE16C6F00AAB89B /* Debug */ = {
			isa = XCBuildConfiguration;
			buildSettings = {
				ALWAYS_SEARCH_USER_PATHS = NO;
				CLANG_CXX_LANGUAGE_STANDARD = "gnu++0x";
				CLANG_CXX_LIBRARY = "libc++";
				CLANG_ENABLE_MODULES = YES;
				CLANG_ENABLE_OBJC_ARC = YES;
				CLANG_WARN_BOOL_CONVERSION = YES;
				CLANG_WARN_CONSTANT_CONVERSION = YES;
				CLANG_WARN_DIRECT_OBJC_ISA_USAGE = YES_ERROR;
				CLANG_WARN_EMPTY_BODY = YES;
				CLANG_WARN_ENUM_CONVERSION = YES;
				CLANG_WARN_INT_CONVERSION = YES;
				CLANG_WARN_OBJC_ROOT_CLASS = YES_ERROR;
				CLANG_WARN_UNREACHABLE_CODE = YES;
				CLANG_WARN__DUPLICATE_METHOD_MATCH = YES;
				"CODE_SIGN_IDENTITY[sdk=iphoneos*]" = "iPhone Developer";
				COPY_PHASE_STRIP = NO;
				DEBUG_INFORMATION_FORMAT = dwarf;
				ENABLE_STRICT_OBJC_MSGSEND = YES;
				GCC_C_LANGUAGE_STANDARD = gnu99;
				GCC_DYNAMIC_NO_PIC = NO;
				GCC_NO_COMMON_BLOCKS = YES;
				GCC_OPTIMIZATION_LEVEL = 0;
				GCC_PREPROCESSOR_DEFINITIONS = (
					"DEBUG=1",
					"$(inherited)",
				);
				GCC_SYMBOLS_PRIVATE_EXTERN = NO;
				GCC_WARN_64_TO_32_BIT_CONVERSION = YES;
				GCC_WARN_ABOUT_RETURN_TYPE = YES_ERROR;
				GCC_WARN_UNDECLARED_SELECTOR = YES;
				GCC_WARN_UNINITIALIZED_AUTOS = YES_AGGRESSIVE;
				GCC_WARN_UNUSED_FUNCTION = YES;
				GCC_WARN_UNUSED_VARIABLE = YES;
				IPHONEOS_DEPLOYMENT_TARGET = 8.3;
				MTL_ENABLE_DEBUG_INFO = YES;
				ONLY_ACTIVE_ARCH = YES;
				SDKROOT = iphoneos;
				SWIFT_OPTIMIZATION_LEVEL = "-Onone";
				TARGETED_DEVICE_FAMILY = "1,2";
			};
			name = Debug;
		};
		EE79FD451AE16C6F00AAB89B /* Release */ = {
			isa = XCBuildConfiguration;
			buildSettings = {
				ALWAYS_SEARCH_USER_PATHS = NO;
				CLANG_CXX_LANGUAGE_STANDARD = "gnu++0x";
				CLANG_CXX_LIBRARY = "libc++";
				CLANG_ENABLE_MODULES = YES;
				CLANG_ENABLE_OBJC_ARC = YES;
				CLANG_WARN_BOOL_CONVERSION = YES;
				CLANG_WARN_CONSTANT_CONVERSION = YES;
				CLANG_WARN_DIRECT_OBJC_ISA_USAGE = YES_ERROR;
				CLANG_WARN_EMPTY_BODY = YES;
				CLANG_WARN_ENUM_CONVERSION = YES;
				CLANG_WARN_INT_CONVERSION = YES;
				CLANG_WARN_OBJC_ROOT_CLASS = YES_ERROR;
				CLANG_WARN_UNREACHABLE_CODE = YES;
				CLANG_WARN__DUPLICATE_METHOD_MATCH = YES;
				"CODE_SIGN_IDENTITY[sdk=iphoneos*]" = "iPhone Developer";
				COPY_PHASE_STRIP = NO;
				DEBUG_INFORMATION_FORMAT = "dwarf-with-dsym";
				ENABLE_NS_ASSERTIONS = NO;
				ENABLE_STRICT_OBJC_MSGSEND = YES;
				GCC_C_LANGUAGE_STANDARD = gnu99;
				GCC_NO_COMMON_BLOCKS = YES;
				GCC_WARN_64_TO_32_BIT_CONVERSION = YES;
				GCC_WARN_ABOUT_RETURN_TYPE = YES_ERROR;
				GCC_WARN_UNDECLARED_SELECTOR = YES;
				GCC_WARN_UNINITIALIZED_AUTOS = YES_AGGRESSIVE;
				GCC_WARN_UNUSED_FUNCTION = YES;
				GCC_WARN_UNUSED_VARIABLE = YES;
				IPHONEOS_DEPLOYMENT_TARGET = 8.3;
				MTL_ENABLE_DEBUG_INFO = NO;
				SDKROOT = iphoneos;
				TARGETED_DEVICE_FAMILY = "1,2";
				VALIDATE_PRODUCT = YES;
			};
			name = Release;
		};
		EE79FD471AE16C6F00AAB89B /* Debug */ = {
			isa = XCBuildConfiguration;
			buildSettings = {
				ASSETCATALOG_COMPILER_APPICON_NAME = AppIcon;
				INFOPLIST_FILE = pitchPerfect/Info.plist;
				LD_RUNPATH_SEARCH_PATHS = "$(inherited) @executable_path/Frameworks";
				PRODUCT_NAME = "$(TARGET_NAME)";
			};
			name = Debug;
		};
		EE79FD481AE16C6F00AAB89B /* Release */ = {
			isa = XCBuildConfiguration;
			buildSettings = {
				ASSETCATALOG_COMPILER_APPICON_NAME = AppIcon;
				INFOPLIST_FILE = pitchPerfect/Info.plist;
				LD_RUNPATH_SEARCH_PATHS = "$(inherited) @executable_path/Frameworks";
				PRODUCT_NAME = "$(TARGET_NAME)";
			};
			name = Release;
		};
		EE79FD4A1AE16C6F00AAB89B /* Debug */ = {
			isa = XCBuildConfiguration;
			buildSettings = {
				BUNDLE_LOADER = "$(TEST_HOST)";
				FRAMEWORK_SEARCH_PATHS = (
					"$(SDKROOT)/Developer/Library/Frameworks",
					"$(inherited)",
				);
				GCC_PREPROCESSOR_DEFINITIONS = (
					"DEBUG=1",
					"$(inherited)",
				);
				INFOPLIST_FILE = pitchPerfectTests/Info.plist;
				LD_RUNPATH_SEARCH_PATHS = "$(inherited) @executable_path/Frameworks @loader_path/Frameworks";
				PRODUCT_NAME = "$(TARGET_NAME)";
				TEST_HOST = "$(BUILT_PRODUCTS_DIR)/pitchPerfect.app/pitchPerfect";
			};
			name = Debug;
		};
		EE79FD4B1AE16C6F00AAB89B /* Release */ = {
			isa = XCBuildConfiguration;
			buildSettings = {
				BUNDLE_LOADER = "$(TEST_HOST)";
				FRAMEWORK_SEARCH_PATHS = (
					"$(SDKROOT)/Developer/Library/Frameworks",
					"$(inherited)",
				);
				INFOPLIST_FILE = pitchPerfectTests/Info.plist;
				LD_RUNPATH_SEARCH_PATHS = "$(inherited) @executable_path/Frameworks @loader_path/Frameworks";
				PRODUCT_NAME = "$(TARGET_NAME)";
				TEST_HOST = "$(BUILT_PRODUCTS_DIR)/pitchPerfect.app/pitchPerfect";
			};
			name = Release;
		};
/* End XCBuildConfiguration section */

/* Begin XCConfigurationList section */
		EE79FD221AE16C6F00AAB89B /* Build configuration list for PBXProject "pitchPerfect" */ = {
			isa = XCConfigurationList;
			buildConfigurations = (
				EE79FD441AE16C6F00AAB89B /* Debug */,
				EE79FD451AE16C6F00AAB89B /* Release */,
			);
			defaultConfigurationIsVisible = 0;
			defaultConfigurationName = Release;
		};
		EE79FD461AE16C6F00AAB89B /* Build configuration list for PBXNativeTarget "pitchPerfect" */ = {
			isa = XCConfigurationList;
			buildConfigurations = (
				EE79FD471AE16C6F00AAB89B /* Debug */,
				EE79FD481AE16C6F00AAB89B /* Release */,
			);
			defaultConfigurationIsVisible = 0;
		};
		EE79FD491AE16C6F00AAB89B /* Build configuration list for PBXNativeTarget "pitchPerfectTests" */ = {
			isa = XCConfigurationList;
			buildConfigurations = (
				EE79FD4A1AE16C6F00AAB89B /* Debug */,
				EE79FD4B1AE16C6F00AAB89B /* Release */,
			);
			defaultConfigurationIsVisible = 0;
		};
/* End XCConfigurationList section */
	};
	rootObject = EE79FD1F1AE16C6F00AAB89B /* Project object */;
}
